PODS:
  - Apollo (0.31.0):
    - Apollo/Core (= 0.31.0)
  - Apollo/Core (0.31.0)
  - ARCL (1.3.0)
  - ARCoreLocation (0.1.10)
  - lottie-ios (3.1.8)
  - SnapKit (5.0.1)
  - URLImage (0.9.19)

DEPENDENCIES:
  - Apollo
  - ARCL
  - ARCoreLocation (~> 0.1.10)
  - lottie-ios
  - SnapKit (~> 5.0.0)
  - URLImage

SPEC REPOS:
  trunk:
    - Apollo
    - ARCL
    - ARCoreLocation
    - lottie-ios
    - SnapKit
    - URLImage

SPEC CHECKSUMS:
  Apollo: 1b55f2c3970b83a6b49581896334a9c4311a838a
  ARCL: db48b6927d6f3f49f29568295ed91c94ab8d4aab
  ARCoreLocation: 882098e235b46438d5de66249dd67d4b5a9fd06b
  lottie-ios: 48fac6be217c76937e36e340e2d09cf7b10b7f5f
  SnapKit: 97b92857e3df3a0c71833cce143274bf6ef8e5eb
  URLImage: 107320dff147321cceb201af24e8a154f24e6aed

PODFILE CHECKSUM: c7dec327c9a187a5169892a0e7ee17ab23b10ab2

COCOAPODS: 1.9.3
