PODS:
  - ARCL (1.3.0)
  - ARCoreLocation (0.1.10)
  - lottie-ios (3.1.8)
  - SnapKit (5.0.1)

DEPENDENCIES:
  - ARCL
  - ARCoreLocation (~> 0.1.10)
  - lottie-ios
  - SnapKit (~> 5.0.0)

SPEC REPOS:
  trunk:
    - ARCL
    - ARCoreLocation
    - lottie-ios
    - SnapKit

SPEC CHECKSUMS:
  ARCL: db48b6927d6f3f49f29568295ed91c94ab8d4aab
  ARCoreLocation: 882098e235b46438d5de66249dd67d4b5a9fd06b
  lottie-ios: 48fac6be217c76937e36e340e2d09cf7b10b7f5f
  SnapKit: 97b92857e3df3a0c71833cce143274bf6ef8e5eb

PODFILE CHECKSUM: 31483838cd02275d6ee59b3e5c900f551ec522a0

COCOAPODS: 1.9.3
